
Microsoft Visual Studio Solution File, Format Version 12.00
# Visual Studio Version 17
VisualStudioVersion = 17.11.35312.102
MinimumVisualStudioVersion = 10.0.40219.1
Project("{9A19103F-16F7-4668-BE54-9A1E7A4F7556}") = "Zoobee.Web", "Zoobee.Web.csproj", "{ED3F9475-F1F5-4734-A1EF-9AB41531C72C}"
EndProject
Project("{2150E333-8FDC-42A3-9474-1A3956D46DE8}") = "Core", "Core", "{9587D54D-970F-4ED0-8DA0-1453236E22EB}"
EndProject
Project("{2150E333-8FDC-42A3-9474-1A3956D46DE8}") = "Infrastructure", "Infrastructure", "{3F0A4BEA-D4B3-4279-885F-B6BA29ADA129}"
EndProject
Project("{2150E333-8FDC-42A3-9474-1A3956D46DE8}") = "Presentation", "Presentation", "{5C761D43-DEBE-4D4C-8441-D9F8656E76AB}"
EndProject
Project("{9A19103F-16F7-4668-BE54-9A1E7A4F7556}") = "Zoobee.Application", "..\Zoobee.Application\Zoobee.Application.csproj", "{02983C04-D198-42A0-A29B-E2949C04AAA5}"
EndProject
Project("{9A19103F-16F7-4668-BE54-9A1E7A4F7556}") = "Zoobee.Domain", "..\Zoobee.Core\Zoobee.Domain.csproj", "{340BA0D5-4D04-4252-942F-81661AB75482}"
EndProject
Project("{9A19103F-16F7-4668-BE54-9A1E7A4F7556}") = "Zoobee.Infrastructure", "..\Zoobee.Infrastructure\Zoobee.Infrastructure.csproj", "{04B147D6-1B08-4512-B458-040617621926}"
EndProject
Project("{9A19103F-16F7-4668-BE54-9A1E7A4F7556}") = "Zoobee.Infrastructure.Parsers", "..\Zoobee.Infrastructure.Parsers\Zoobee.Infrastructure.Parsers.csproj", "{166B5386-9195-4CCD-BF13-1E0F1D523F99}"
EndProject
Project("{2150E333-8FDC-42A3-9474-1A3956D46DE8}") = "Tests", "Tests", "{ED13E3C7-5625-457C-928C-1F35BD5A958D}"
EndProject
Project("{9A19103F-16F7-4668-BE54-9A1E7A4F7556}") = "Zoobee.Test", "..\Zoobee.Test\Zoobee.Test.csproj", "{48FD30A6-CF1D-4B4B-BD01-F99EF35EC9DC}"
EndProject
Global
	GlobalSection(SolutionConfigurationPlatforms) = preSolution
		Debug|Any CPU = Debug|Any CPU
		Release|Any CPU = Release|Any CPU
	EndGlobalSection
	GlobalSection(ProjectConfigurationPlatforms) = postSolution
		{ED3F9475-F1F5-4734-A1EF-9AB41531C72C}.Debug|Any CPU.ActiveCfg = Debug|Any CPU
		{ED3F9475-F1F5-4734-A1EF-9AB41531C72C}.Debug|Any CPU.Build.0 = Debug|Any CPU
		{ED3F9475-F1F5-4734-A1EF-9AB41531C72C}.Release|Any CPU.ActiveCfg = Release|Any CPU
		{ED3F9475-F1F5-4734-A1EF-9AB41531C72C}.Release|Any CPU.Build.0 = Release|Any CPU
		{02983C04-D198-42A0-A29B-E2949C04AAA5}.Debug|Any CPU.ActiveCfg = Debug|Any CPU
		{02983C04-D198-42A0-A29B-E2949C04AAA5}.Debug|Any CPU.Build.0 = Debug|Any CPU
		{02983C04-D198-42A0-A29B-E2949C04AAA5}.Release|Any CPU.ActiveCfg = Release|Any CPU
		{02983C04-D198-42A0-A29B-E2949C04AAA5}.Release|Any CPU.Build.0 = Release|Any CPU
		{340BA0D5-4D04-4252-942F-81661AB75482}.Debug|Any CPU.ActiveCfg = Debug|Any CPU
		{340BA0D5-4D04-4252-942F-81661AB75482}.Debug|Any CPU.Build.0 = Debug|Any CPU
		{340BA0D5-4D04-4252-942F-81661AB75482}.Release|Any CPU.ActiveCfg = Release|Any CPU
		{340BA0D5-4D04-4252-942F-81661AB75482}.Release|Any CPU.Build.0 = Release|Any CPU
		{04B147D6-1B08-4512-B458-040617621926}.Debug|Any CPU.ActiveCfg = Debug|Any CPU
		{04B147D6-1B08-4512-B458-040617621926}.Debug|Any CPU.Build.0 = Debug|Any CPU
		{04B147D6-1B08-4512-B458-040617621926}.Release|Any CPU.ActiveCfg = Release|Any CPU
		{04B147D6-1B08-4512-B458-040617621926}.Release|Any CPU.Build.0 = Release|Any CPU
		{166B5386-9195-4CCD-BF13-1E0F1D523F99}.Debug|Any CPU.ActiveCfg = Debug|Any CPU
		{166B5386-9195-4CCD-BF13-1E0F1D523F99}.Debug|Any CPU.Build.0 = Debug|Any CPU
		{166B5386-9195-4CCD-BF13-1E0F1D523F99}.Release|Any CPU.ActiveCfg = Release|Any CPU
		{166B5386-9195-4CCD-BF13-1E0F1D523F99}.Release|Any CPU.Build.0 = Release|Any CPU
		{48FD30A6-CF1D-4B4B-BD01-F99EF35EC9DC}.Debug|Any CPU.ActiveCfg = Debug|Any CPU
		{48FD30A6-CF1D-4B4B-BD01-F99EF35EC9DC}.Debug|Any CPU.Build.0 = Debug|Any CPU
		{48FD30A6-CF1D-4B4B-BD01-F99EF35EC9DC}.Release|Any CPU.ActiveCfg = Release|Any CPU
		{48FD30A6-CF1D-4B4B-BD01-F99EF35EC9DC}.Release|Any CPU.Build.0 = Release|Any CPU
	EndGlobalSection
	GlobalSection(SolutionProperties) = preSolution
		HideSolutionNode = FALSE
	EndGlobalSection
	GlobalSection(NestedProjects) = preSolution
		{ED3F9475-F1F5-4734-A1EF-9AB41531C72C} = {5C761D43-DEBE-4D4C-8441-D9F8656E76AB}
		{02983C04-D198-42A0-A29B-E2949C04AAA5} = {9587D54D-970F-4ED0-8DA0-1453236E22EB}
		{340BA0D5-4D04-4252-942F-81661AB75482} = {9587D54D-970F-4ED0-8DA0-1453236E22EB}
		{04B147D6-1B08-4512-B458-040617621926} = {3F0A4BEA-D4B3-4279-885F-B6BA29ADA129}
		{166B5386-9195-4CCD-BF13-1E0F1D523F99} = {3F0A4BEA-D4B3-4279-885F-B6BA29ADA129}
		{48FD30A6-CF1D-4B4B-BD01-F99EF35EC9DC} = {ED13E3C7-5625-457C-928C-1F35BD5A958D}
	EndGlobalSection
	GlobalSection(ExtensibilityGlobals) = postSolution
		SolutionGuid = {EA2D8226-DF73-484F-B7D9-C93C548EAB45}
	EndGlobalSection
EndGlobal
